
Microsoft Visual Studio Solution File, Format Version 12.00
# Visual Studio Version 16
VisualStudioVersion = 16.0.29728.190
MinimumVisualStudioVersion = 15.0.26124.0
Project("{9A19103F-16F7-4668-BE54-9A1E7A4F7556}") = "ImgCharReader.Domain", "ImgCharReader.Domain\ImgCharReader.Domain.csproj", "{9E1802AA-6E76-4E0F-8CE2-B384485E98A7}"
EndProject
Project("{9A19103F-16F7-4668-BE54-9A1E7A4F7556}") = "ImgCharReader.Test", "ImgCharReader.Test\ImgCharReader.Test.csproj", "{8593CDB0-2400-40A2-A70B-8154FE88686D}"
EndProject
Project("{FAE04EC0-301F-11D3-BF4B-00C04F79EFBC}") = "ImgCharReader.Domain.NSOCR", "ImgCharReader.Domain.NSOCR\ImgCharReader.Domain.NSOCR.csproj", "{FDD100A1-332C-468B-93FE-8D8736F80952}"
EndProject
Global
	GlobalSection(SolutionConfigurationPlatforms) = preSolution
		Debug|Any CPU = Debug|Any CPU
		Debug|x64 = Debug|x64
		Debug|x86 = Debug|x86
		Release|Any CPU = Release|Any CPU
		Release|x64 = Release|x64
		Release|x86 = Release|x86
	EndGlobalSection
	GlobalSection(ProjectConfigurationPlatforms) = postSolution
		{9E1802AA-6E76-4E0F-8CE2-B384485E98A7}.Debug|Any CPU.ActiveCfg = Debug|Any CPU
		{9E1802AA-6E76-4E0F-8CE2-B384485E98A7}.Debug|Any CPU.Build.0 = Debug|Any CPU
		{9E1802AA-6E76-4E0F-8CE2-B384485E98A7}.Debug|x64.ActiveCfg = Debug|Any CPU
		{9E1802AA-6E76-4E0F-8CE2-B384485E98A7}.Debug|x64.Build.0 = Debug|Any CPU
		{9E1802AA-6E76-4E0F-8CE2-B384485E98A7}.Debug|x86.ActiveCfg = Debug|Any CPU
		{9E1802AA-6E76-4E0F-8CE2-B384485E98A7}.Debug|x86.Build.0 = Debug|Any CPU
		{9E1802AA-6E76-4E0F-8CE2-B384485E98A7}.Release|Any CPU.ActiveCfg = Release|Any CPU
		{9E1802AA-6E76-4E0F-8CE2-B384485E98A7}.Release|Any CPU.Build.0 = Release|Any CPU
		{9E1802AA-6E76-4E0F-8CE2-B384485E98A7}.Release|x64.ActiveCfg = Release|Any CPU
		{9E1802AA-6E76-4E0F-8CE2-B384485E98A7}.Release|x64.Build.0 = Release|Any CPU
		{9E1802AA-6E76-4E0F-8CE2-B384485E98A7}.Release|x86.ActiveCfg = Release|Any CPU
		{9E1802AA-6E76-4E0F-8CE2-B384485E98A7}.Release|x86.Build.0 = Release|Any CPU
		{8593CDB0-2400-40A2-A70B-8154FE88686D}.Debug|Any CPU.ActiveCfg = Debug|Any CPU
		{8593CDB0-2400-40A2-A70B-8154FE88686D}.Debug|Any CPU.Build.0 = Debug|Any CPU
		{8593CDB0-2400-40A2-A70B-8154FE88686D}.Debug|x64.ActiveCfg = Debug|Any CPU
		{8593CDB0-2400-40A2-A70B-8154FE88686D}.Debug|x64.Build.0 = Debug|Any CPU
		{8593CDB0-2400-40A2-A70B-8154FE88686D}.Debug|x86.ActiveCfg = Debug|Any CPU
		{8593CDB0-2400-40A2-A70B-8154FE88686D}.Debug|x86.Build.0 = Debug|Any CPU
		{8593CDB0-2400-40A2-A70B-8154FE88686D}.Release|Any CPU.ActiveCfg = Release|Any CPU
		{8593CDB0-2400-40A2-A70B-8154FE88686D}.Release|Any CPU.Build.0 = Release|Any CPU
		{8593CDB0-2400-40A2-A70B-8154FE88686D}.Release|x64.ActiveCfg = Release|Any CPU
		{8593CDB0-2400-40A2-A70B-8154FE88686D}.Release|x64.Build.0 = Release|Any CPU
		{8593CDB0-2400-40A2-A70B-8154FE88686D}.Release|x86.ActiveCfg = Release|Any CPU
		{8593CDB0-2400-40A2-A70B-8154FE88686D}.Release|x86.Build.0 = Release|Any CPU
		{FDD100A1-332C-468B-93FE-8D8736F80952}.Debug|Any CPU.ActiveCfg = Debug|Any CPU
		{FDD100A1-332C-468B-93FE-8D8736F80952}.Debug|Any CPU.Build.0 = Debug|Any CPU
		{FDD100A1-332C-468B-93FE-8D8736F80952}.Debug|x64.ActiveCfg = Debug|Any CPU
		{FDD100A1-332C-468B-93FE-8D8736F80952}.Debug|x64.Build.0 = Debug|Any CPU
		{FDD100A1-332C-468B-93FE-8D8736F80952}.Debug|x86.ActiveCfg = Debug|Any CPU
		{FDD100A1-332C-468B-93FE-8D8736F80952}.Debug|x86.Build.0 = Debug|Any CPU
		{FDD100A1-332C-468B-93FE-8D8736F80952}.Release|Any CPU.ActiveCfg = Release|Any CPU
		{FDD100A1-332C-468B-93FE-8D8736F80952}.Release|Any CPU.Build.0 = Release|Any CPU
		{FDD100A1-332C-468B-93FE-8D8736F80952}.Release|x64.ActiveCfg = Release|Any CPU
		{FDD100A1-332C-468B-93FE-8D8736F80952}.Release|x64.Build.0 = Release|Any CPU
		{FDD100A1-332C-468B-93FE-8D8736F80952}.Release|x86.ActiveCfg = Release|Any CPU
		{FDD100A1-332C-468B-93FE-8D8736F80952}.Release|x86.Build.0 = Release|Any CPU
	EndGlobalSection
	GlobalSection(SolutionProperties) = preSolution
		HideSolutionNode = FALSE
	EndGlobalSection
	GlobalSection(ExtensibilityGlobals) = postSolution
		SolutionGuid = {01AF52B1-BC4E-4CCB-BDE0-1D4F884DC4F4}
	EndGlobalSection
EndGlobal
